# THIS IS AN AUTOGENERATED FILE. DO NOT EDIT THIS FILE DIRECTLY.
# yarn lockfile v1
accept@2.x.x:
  version "2.1.3"
  resolved "https://registry.yarnpkg.com/accept/-/accept-2.1.3.tgz#ab0f5bda4c449bbe926aea607b3522562f5acf86"
  dependencies:
    boom "4.x.x"
    hoek "4.x.x"

ammo@2.x.x:
  version "2.0.2"
  resolved "https://registry.yarnpkg.com/ammo/-/ammo-2.0.2.tgz#366c55f7bc4f2f24218ed3a4dd4b8df135c2e6ca"
  dependencies:
    boom "3.x.x"
    hoek "4.x.x"

b64@3.x.x:
  version "3.0.2"
  resolved "https://registry.yarnpkg.com/b64/-/b64-3.0.2.tgz#7a9d60466adf7b8de114cbdf651a5fdfcc90894d"

boom@3.X.X, boom@3.x.x:
  version "3.2.2"
  resolved "https://registry.yarnpkg.com/boom/-/boom-3.2.2.tgz#0f0cc5d04adc5003b8c7d71f42cca7271fef0e78"
  dependencies:
    hoek "4.x.x"

boom@4.x.x:
  version "4.2.0"
  resolved "https://registry.yarnpkg.com/boom/-/boom-4.2.0.tgz#c1a74174b11fbba223f6162d4fd8851a1b82a536"
  dependencies:
    hoek "4.x.x"

buffer-shims@^1.0.0:
  version "1.0.0"
  resolved "https://registry.yarnpkg.com/buffer-shims/-/buffer-shims-1.0.0.tgz#9978ce317388c649ad8793028c3477ef044a8b51"

call@3.x.x:
  version "3.0.3"
  resolved "https://registry.yarnpkg.com/call/-/call-3.0.3.tgz#e4748ddbbb7f41ae40cee055f8b270b733bf7c8d"
  dependencies:
    boom "3.x.x"
    hoek "4.x.x"

catbox, catbox@7.x.x:
  version "7.1.2"
  resolved "https://registry.yarnpkg.com/catbox/-/catbox-7.1.2.tgz#46721b1c99967513fd7b7e9451706a05edfed5ad"
  dependencies:
    boom "3.x.x"
    hoek "4.x.x"
    joi "9.x.x"

catbox-memory, catbox-memory@2.x.x:
  version "2.0.4"
  resolved "https://registry.yarnpkg.com/catbox-memory/-/catbox-memory-2.0.4.tgz#433e255902caf54233d1286429c8f4df14e822d5"
  dependencies:
    hoek "4.x.x"

content@3.x.x:
  version "3.0.3"
  resolved "https://registry.yarnpkg.com/content/-/content-3.0.3.tgz#000f8a01371b95c66afe99be9390fa6cb91aa87a"
  dependencies:
    boom "4.x.x"

core-util-is@~1.0.0:
  version "1.0.2"
  resolved "https://registry.yarnpkg.com/core-util-is/-/core-util-is-1.0.2.tgz#b5fd54220aa2bc5ab57aab7140c940754503c1a7"

cryptiles@3.x.x:
  version "3.1.1"
  resolved "https://registry.yarnpkg.com/cryptiles/-/cryptiles-3.1.1.tgz#86a9203f7367a0e9324bc7555ff0fcf5f81979ee"
  dependencies:
    boom "4.x.x"

duplexify@^3.1.2:
  version "3.5.0"
  resolved "https://registry.yarnpkg.com/duplexify/-/duplexify-3.5.0.tgz#1aa773002e1578457e9d9d4a50b0ccaaebcbd604"
  dependencies:
    end-of-stream "1.0.0"
    inherits "^2.0.1"
    readable-stream "^2.0.0"
    stream-shift "^1.0.0"

end-of-stream@^1.1.0:
  version "1.1.0"
  resolved "https://registry.yarnpkg.com/end-of-stream/-/end-of-stream-1.1.0.tgz#e9353258baa9108965efc41cb0ef8ade2f3cfb07"
  dependencies:
    once "~1.3.0"

end-of-stream@1.0.0:
  version "1.0.0"
  resolved "https://registry.yarnpkg.com/end-of-stream/-/end-of-stream-1.0.0.tgz#d4596e702734a93e40e9af864319eabd99ff2f0e"
  dependencies:
    once "~1.3.0"

fast-safe-stringify@1.1.0:
  version "1.1.0"
  resolved "https://registry.yarnpkg.com/fast-safe-stringify/-/fast-safe-stringify-1.1.0.tgz#4ca98c502e00c387ca1b0e7184e955718bf512e8"

good:
  version "7.0.2"
  resolved "https://registry.yarnpkg.com/good/-/good-7.0.2.tgz#8a9f5e6b2654cb828c0145a04eade302f8c65985"
  dependencies:
    hoek "3.x.x"
    joi "7.x.x"
    oppsy "1.x.x"
    pumpify "1.3.x"

good-console:
  version "6.3.1"
  resolved "https://registry.yarnpkg.com/good-console/-/good-console-6.3.1.tgz#a2e7327985cc50c28ef47b2077db7c2a9e72fecc"
  dependencies:
    hoek "4.x.x"
    joi "8.1.x"
    json-stringify-safe "5.0.x"
    moment "2.15.x"

good-squeeze:
  version "5.0.0"
  resolved "https://registry.yarnpkg.com/good-squeeze/-/good-squeeze-5.0.0.tgz#57003c22cbe20abd5dfd564b9a0f4d168d266196"
  dependencies:
    fast-safe-stringify "1.1.0"
    hoek "4.x.x"

h2o2:
  version "5.4.0"
  resolved "https://registry.yarnpkg.com/h2o2/-/h2o2-5.4.0.tgz#d6857ca05355200c890b34a66606caba0229ed58"
  dependencies:
    boom "3.X.X"
    hoek "4.X.X"
    joi "9.X.X"
    wreck "9.X.X"

hapi:
  version "15.2.0"
  resolved "https://registry.yarnpkg.com/hapi/-/hapi-15.2.0.tgz#5704ca2c04b6386c03caf9ee901f1de080316d23"
  dependencies:
    accept "2.x.x"
    ammo "2.x.x"
    boom "4.x.x"
    call "3.x.x"
    catbox "7.x.x"
    catbox-memory "2.x.x"
    cryptiles "3.x.x"
    heavy "4.x.x"
    hoek "4.x.x"
    iron "4.x.x"
    items "2.x.x"
    joi "9.x.x"
    mimos "3.x.x"
    podium "^1.2.x"
    shot "3.x.x"
    statehood "5.x.x"
    subtext "^4.3.x"
    topo "2.x.x"

heavy@4.x.x:
  version "4.0.2"
  resolved "https://registry.yarnpkg.com/heavy/-/heavy-4.0.2.tgz#dbb66cda5f017a594fc6c8301df6999ea8d533f0"
  dependencies:
    boom "3.x.x"
    hoek "4.x.x"
    joi "9.x.x"

hoek, hoek@4.X.X, hoek@4.x.x:
  version "4.1.0"
  resolved "https://registry.yarnpkg.com/hoek/-/hoek-4.1.0.tgz#4a4557460f69842ed463aa00628cc26d2683afa7"

hoek@3.x.x:
  version "3.0.4"
  resolved "https://registry.yarnpkg.com/hoek/-/hoek-3.0.4.tgz#268adff66bb6695c69b4789a88b1e0847c3f3123"

inherits@^2.0.1, inherits@~2.0.1:
  version "2.0.3"
  resolved "https://registry.yarnpkg.com/inherits/-/inherits-2.0.3.tgz#633c2c83e3da42a502f52466022480f4208261de"

iron@4.x.x:
  version "4.0.4"
  resolved "https://registry.yarnpkg.com/iron/-/iron-4.0.4.tgz#c1f8cc4c91454194ab8920d9247ba882e528061a"
  dependencies:
    boom "4.x.x"
    cryptiles "3.x.x"
    hoek "4.x.x"

isarray@~1.0.0:
  version "1.0.0"
  resolved "https://registry.yarnpkg.com/isarray/-/isarray-1.0.0.tgz#bb935d48582cba168c06834957a54a3e07124f11"

isemail@2.x.x:
  version "2.2.1"
  resolved "https://registry.yarnpkg.com/isemail/-/isemail-2.2.1.tgz#0353d3d9a62951080c262c2aa0a42b8ea8e9e2a6"

items@2.x.x:
  version "2.1.1"
  resolved "https://registry.yarnpkg.com/items/-/items-2.1.1.tgz#8bd16d9c83b19529de5aea321acaada78364a198"

joi@7.x.x:
  version "7.3.0"
  resolved "https://registry.yarnpkg.com/joi/-/joi-7.3.0.tgz#4d9c9f181830444083665b5b6cd5b8ca6779a5e9"
  dependencies:
    hoek "3.x.x"
    isemail "2.x.x"
    moment "2.x.x"
    topo "2.x.x"

joi@8.1.x:
  version "8.1.1"
  resolved "https://registry.yarnpkg.com/joi/-/joi-8.1.1.tgz#2d8b52a5d909d217ed47248577eefe8b1798f48f"
  dependencies:
    hoek "4.x.x"
    isemail "2.x.x"
    moment "2.x.x"
    topo "2.x.x"

joi@9.X.X, joi@9.x.x:
  version "9.2.0"
  resolved "https://registry.yarnpkg.com/joi/-/joi-9.2.0.tgz#3385ac790192130cbe230e802ec02c9215bbfeda"
  dependencies:
    hoek "4.x.x"
    isemail "2.x.x"
    items "2.x.x"
    moment "2.x.x"
    topo "2.x.x"

json-stringify-safe@5.0.x:
  version "5.0.1"
  resolved "https://registry.yarnpkg.com/json-stringify-safe/-/json-stringify-safe-5.0.1.tgz#1296a2d58fd45f19a0f6ce01d65701e2c735b6eb"

lodash:
  version "4.16.6"
  resolved "https://registry.yarnpkg.com/lodash/-/lodash-4.16.6.tgz#d22c9ac660288f3843e16ba7d2b5d06cca27d777"

mime-db@1.x.x:
  version "1.25.0"
  resolved "https://registry.yarnpkg.com/mime-db/-/mime-db-1.25.0.tgz#c18dbd7c73a5dbf6f44a024dc0d165a1e7b1c392"

mimos@3.x.x:
  version "3.0.3"
  resolved "https://registry.yarnpkg.com/mimos/-/mimos-3.0.3.tgz#b9109072ad378c2b72f6a0101c43ddfb2b36641f"
  dependencies:
    hoek "4.x.x"
    mime-db "1.x.x"

moment@2.15.x:
  version "2.15.2"
  resolved "https://registry.yarnpkg.com/moment/-/moment-2.15.2.tgz#1bfdedf6a6e345f322fe956d5df5bd08a8ce84dc"

moment@2.x.x:
  version "2.16.0"
  resolved "https://registry.yarnpkg.com/moment/-/moment-2.16.0.tgz#f38f2c97c9889b0ee18fc6cc392e1e443ad2da8e"

nigel@2.x.x:
  version "2.0.2"
  resolved "https://registry.yarnpkg.com/nigel/-/nigel-2.0.2.tgz#93a1866fb0c52d87390aa75e2b161f4b5c75e5b1"
  dependencies:
    hoek "4.x.x"
    vise "2.x.x"

once@^1.3.1:
  version "1.4.0"
  resolved "https://registry.yarnpkg.com/once/-/once-1.4.0.tgz#583b1aa775961d4b113ac17d9c50baef9dd76bd1"
  dependencies:
    wrappy "1"

once@~1.3.0:
  version "1.3.3"
  resolved "https://registry.yarnpkg.com/once/-/once-1.3.3.tgz#b2e261557ce4c314ec8304f3fa82663e4297ca20"
  dependencies:
    wrappy "1"

oppsy@1.x.x:
  version "1.0.2"
  resolved "https://registry.yarnpkg.com/oppsy/-/oppsy-1.0.2.tgz#98014cd6967653a83cfffa554226dc90050baad4"
  dependencies:
    hoek "4.x.x"
    items "2.x.x"

pez@2.x.x:
  version "2.1.3"
  resolved "https://registry.yarnpkg.com/pez/-/pez-2.1.3.tgz#e53ebcbf48961b4aa1bb2b68cfd1eb20c9898039"
  dependencies:
    b64 "3.x.x"
    boom "4.x.x"
    content "3.x.x"
    hoek "4.x.x"
    nigel "2.x.x"

podium@^1.2.x:
  version "1.2.3"
  resolved "https://registry.yarnpkg.com/podium/-/podium-1.2.3.tgz#5c95b7cc2f5c87dd324e0ad4a9363ac62d66b371"
  dependencies:
    hoek "4.x.x"
    items "2.x.x"
    joi "9.x.x"

process-nextick-args@~1.0.6:
  version "1.0.7"
  resolved "https://registry.yarnpkg.com/process-nextick-args/-/process-nextick-args-1.0.7.tgz#150e20b756590ad3f91093f25a4f2ad8bff30ba3"

pump@^1.0.0:
  version "1.0.1"
  resolved "https://registry.yarnpkg.com/pump/-/pump-1.0.1.tgz#f1f1409fb9bd1085bbdb576b43b84ec4b5eadc1a"
  dependencies:
    end-of-stream "^1.1.0"
    once "^1.3.1"

pumpify@1.3.x:
  version "1.3.5"
  resolved "https://registry.yarnpkg.com/pumpify/-/pumpify-1.3.5.tgz#1b671c619940abcaeac0ad0e3a3c164be760993b"
  dependencies:
    duplexify "^3.1.2"
    inherits "^2.0.1"
    pump "^1.0.0"

readable-stream@^2.0.0:
  version "2.2.1"
  resolved "https://registry.yarnpkg.com/readable-stream/-/readable-stream-2.2.1.tgz#c459a6687ad6195f936b959870776edef27a7655"
  dependencies:
    buffer-shims "^1.0.0"
    core-util-is "~1.0.0"
    inherits "~2.0.1"
    isarray "~1.0.0"
    process-nextick-args "~1.0.6"
    string_decoder "~0.10.x"
    util-deprecate "~1.0.1"

shot@3.x.x:
  version "3.3.2"
  resolved "https://registry.yarnpkg.com/shot/-/shot-3.3.2.tgz#691c2611759decc20487b20d25cc299f39e5f9b7"
  dependencies:
    hoek "4.x.x"
    joi "9.x.x"

statehood@5.x.x:
  version "5.0.0"
  resolved "https://registry.yarnpkg.com/statehood/-/statehood-5.0.0.tgz#ce2285aabeae398ae87cbba746184b7599b8fa31"
  dependencies:
    boom "3.x.x"
    cryptiles "3.x.x"
    hoek "4.x.x"
    iron "4.x.x"
    items "2.x.x"
    joi "9.x.x"

stream-shift@^1.0.0:
  version "1.0.0"
  resolved "https://registry.yarnpkg.com/stream-shift/-/stream-shift-1.0.0.tgz#d5c752825e5367e786f78e18e445ea223a155952"

string_decoder@~0.10.x:
  version "0.10.31"
  resolved "https://registry.yarnpkg.com/string_decoder/-/string_decoder-0.10.31.tgz#62e203bc41766c6c28c9fc84301dab1c5310fa94"

subtext@^4.3.x:
  version "4.3.0"
  resolved "https://registry.yarnpkg.com/subtext/-/subtext-4.3.0.tgz#dfac90492ec35669fd6e00c6e5d938b06d7ccfbb"
  dependencies:
    boom "4.x.x"
    content "3.x.x"
    hoek "4.x.x"
    pez "2.x.x"
    wreck "10.x.x"

topo@2.x.x:
  version "2.0.2"
  resolved "https://registry.yarnpkg.com/topo/-/topo-2.0.2.tgz#cd5615752539057c0dc0491a621c3bc6fbe1d182"
  dependencies:
    hoek "4.x.x"

util-deprecate@~1.0.1:
  version "1.0.2"
  resolved "https://registry.yarnpkg.com/util-deprecate/-/util-deprecate-1.0.2.tgz#450d4dc9fa70de732762fbd2d4a28981419a0ccf"

vise@2.x.x:
  version "2.0.2"
  resolved "https://registry.yarnpkg.com/vise/-/vise-2.0.2.tgz#6b08e8fb4cb76e3a50cd6dd0ec37338e811a0d39"
  dependencies:
    hoek "4.x.x"

wrappy@1:
  version "1.0.2"
  resolved "https://registry.yarnpkg.com/wrappy/-/wrappy-1.0.2.tgz#b5243d8f3ec1aa35f1364605bc0d1036e30ab69f"

wreck, wreck@10.x.x:
  version "10.0.0"
  resolved "https://registry.yarnpkg.com/wreck/-/wreck-10.0.0.tgz#98ab882f85e16a526332507f101f5a7841162278"
  dependencies:
    boom "4.x.x"
    hoek "4.x.x"

wreck@9.X.X:
  version "9.0.0"
  resolved "https://registry.yarnpkg.com/wreck/-/wreck-9.0.0.tgz#1de63d49bb07b94fe718864b8be63176e63331ec"
  dependencies:
    boom "3.x.x"
    hoek "4.x.x"

